
Microsoft Visual Studio Solution File, Format Version 12.00
# Visual Studio Version 16
VisualStudioVersion = 16.0.29326.143
MinimumVisualStudioVersion = 10.0.40219.1
Project("{9A19103F-16F7-4668-BE54-9A1E7A4F7556}") = "AppCenterAPI", "AppCenterAPI\AppCenterAPI.csproj", "{B4CDBC8B-7538-422E-8A9E-67F1CFCD9434}"
EndProject
Project("{FAE04EC0-301F-11D3-BF4B-00C04F79EFBC}") = "AppCenterUnitTest", "AppCenterUnitTest\AppCenterUnitTest.csproj", "{BBA7A203-FA8C-4D6E-91F1-83BDF7C57FF8}"
EndProject
Project("{FAE04EC0-301F-11D3-BF4B-00C04F79EFBC}") = "AppCenterIntegrationTest", "AppCenterIntegrationTest\AppCenterIntegrationTest.csproj", "{B1278147-0DA3-47B0-AD49-858771482055}"
EndProject
Global
	GlobalSection(SolutionConfigurationPlatforms) = preSolution
		Debug|Any CPU = Debug|Any CPU
		Release|Any CPU = Release|Any CPU
	EndGlobalSection
	GlobalSection(ProjectConfigurationPlatforms) = postSolution
		{B4CDBC8B-7538-422E-8A9E-67F1CFCD9434}.Debug|Any CPU.ActiveCfg = Debug|Any CPU
		{B4CDBC8B-7538-422E-8A9E-67F1CFCD9434}.Debug|Any CPU.Build.0 = Debug|Any CPU
		{B4CDBC8B-7538-422E-8A9E-67F1CFCD9434}.Release|Any CPU.ActiveCfg = Release|Any CPU
		{B4CDBC8B-7538-422E-8A9E-67F1CFCD9434}.Release|Any CPU.Build.0 = Release|Any CPU
		{BBA7A203-FA8C-4D6E-91F1-83BDF7C57FF8}.Debug|Any CPU.ActiveCfg = Debug|Any CPU
		{BBA7A203-FA8C-4D6E-91F1-83BDF7C57FF8}.Debug|Any CPU.Build.0 = Debug|Any CPU
		{BBA7A203-FA8C-4D6E-91F1-83BDF7C57FF8}.Release|Any CPU.ActiveCfg = Release|Any CPU
		{BBA7A203-FA8C-4D6E-91F1-83BDF7C57FF8}.Release|Any CPU.Build.0 = Release|Any CPU
		{B1278147-0DA3-47B0-AD49-858771482055}.Debug|Any CPU.ActiveCfg = Debug|Any CPU
		{B1278147-0DA3-47B0-AD49-858771482055}.Debug|Any CPU.Build.0 = Debug|Any CPU
		{B1278147-0DA3-47B0-AD49-858771482055}.Release|Any CPU.ActiveCfg = Release|Any CPU
		{B1278147-0DA3-47B0-AD49-858771482055}.Release|Any CPU.Build.0 = Release|Any CPU
	EndGlobalSection
	GlobalSection(SolutionProperties) = preSolution
		HideSolutionNode = FALSE
	EndGlobalSection
	GlobalSection(ExtensibilityGlobals) = postSolution
		SolutionGuid = {1BB99876-4722-465C-ABD8-C303F0BB4158}
	EndGlobalSection
EndGlobal
